
Microsoft Visual Studio Solution File, Format Version 12.00
# Visual Studio Version 16
VisualStudioVersion = 16.0.28803.202
MinimumVisualStudioVersion = 10.0.40219.1
Project("{FAE04EC0-301F-11D3-BF4B-00C04F79EFBC}") = "DrmSharp.UnitTests", "DrmSharp.UnitTests\DrmSharp.UnitTests.csproj", "{969C1A19-C591-4EAE-A8F3-AE39878CA2C2}"
EndProject
Project("{9A19103F-16F7-4668-BE54-9A1E7A4F7556}") = "DrmSharp.Core", "DrmSharp\DrmSharp.csproj", "{7F63BFD8-AC29-419F-A532-CC6DDEEF1B46}"
EndProject
Project("{9A19103F-16F7-4668-BE54-9A1E7A4F7556}") = "DrmSharp.UnitTests.Core", "DrmSharp.UnitTests.Core\DrmSharp.UnitTests.Core.csproj", "{FE13B07E-BBC9-4142-B653-AFFBD567C4F6}"
EndProject
Global
	GlobalSection(SolutionConfigurationPlatforms) = preSolution
		Debug|Any CPU = Debug|Any CPU
		Release|Any CPU = Release|Any CPU
	EndGlobalSection
	GlobalSection(ProjectConfigurationPlatforms) = postSolution
		{969C1A19-C591-4EAE-A8F3-AE39878CA2C2}.Debug|Any CPU.ActiveCfg = Debug|Any CPU
		{969C1A19-C591-4EAE-A8F3-AE39878CA2C2}.Debug|Any CPU.Build.0 = Debug|Any CPU
		{969C1A19-C591-4EAE-A8F3-AE39878CA2C2}.Release|Any CPU.ActiveCfg = Release|Any CPU
		{969C1A19-C591-4EAE-A8F3-AE39878CA2C2}.Release|Any CPU.Build.0 = Release|Any CPU
		{7F63BFD8-AC29-419F-A532-CC6DDEEF1B46}.Debug|Any CPU.ActiveCfg = Debug|Any CPU
		{7F63BFD8-AC29-419F-A532-CC6DDEEF1B46}.Debug|Any CPU.Build.0 = Debug|Any CPU
		{7F63BFD8-AC29-419F-A532-CC6DDEEF1B46}.Release|Any CPU.ActiveCfg = Release|Any CPU
		{7F63BFD8-AC29-419F-A532-CC6DDEEF1B46}.Release|Any CPU.Build.0 = Release|Any CPU
		{FE13B07E-BBC9-4142-B653-AFFBD567C4F6}.Debug|Any CPU.ActiveCfg = Debug|Any CPU
		{FE13B07E-BBC9-4142-B653-AFFBD567C4F6}.Debug|Any CPU.Build.0 = Debug|Any CPU
		{FE13B07E-BBC9-4142-B653-AFFBD567C4F6}.Release|Any CPU.ActiveCfg = Release|Any CPU
		{FE13B07E-BBC9-4142-B653-AFFBD567C4F6}.Release|Any CPU.Build.0 = Release|Any CPU
	EndGlobalSection
	GlobalSection(SolutionProperties) = preSolution
		HideSolutionNode = FALSE
	EndGlobalSection
	GlobalSection(ExtensibilityGlobals) = postSolution
		SolutionGuid = {C51E9EF5-EF8A-4B8D-A434-E1B6C05A89AD}
	EndGlobalSection
EndGlobal
